// !$*UTF8*$!
{
	archiveVersion = 1;
	classes = {
	};
	objectVersion = 46;
	objects = {

/* Begin PBXBuildFile section */
		1B570FB81CC2BEFF0055B7D6 /* SoundCloudClient.swift in Sources */ = {isa = PBXBuildFile; fileRef = 1B570FB71CC2BEFF0055B7D6 /* SoundCloudClient.swift */; };
		1B570FBA1CC2CE410055B7D6 /* Track.swift in Sources */ = {isa = PBXBuildFile; fileRef = 1B570FB91CC2CE410055B7D6 /* Track.swift */; };
		1B570FC01CC2D8950055B7D6 /* Session.swift in Sources */ = {isa = PBXBuildFile; fileRef = 1B570FBF1CC2D8950055B7D6 /* Session.swift */; };
		1B570FC21CC2DAFA0055B7D6 /* Helpers.swift in Sources */ = {isa = PBXBuildFile; fileRef = 1B570FC11CC2DAFA0055B7D6 /* Helpers.swift */; };
		1B6FBE841CC297AB004767AA /* AppDelegate.swift in Sources */ = {isa = PBXBuildFile; fileRef = 1B6FBE831CC297AB004767AA /* AppDelegate.swift */; };
		1B6FBE861CC297AB004767AA /* HomeScreen.swift in Sources */ = {isa = PBXBuildFile; fileRef = 1B6FBE851CC297AB004767AA /* HomeScreen.swift */; };
		1B6FBE8B1CC297AB004767AA /* Assets.xcassets in Resources */ = {isa = PBXBuildFile; fileRef = 1B6FBE8A1CC297AB004767AA /* Assets.xcassets */; };
		268EB2551CC390CB001652D1 /* ServerManager.swift in Sources */ = {isa = PBXBuildFile; fileRef = 268EB2541CC390CB001652D1 /* ServerManager.swift */; };
		B4BAEB971CC2B75B00C6A743 /* SongListItem.swift in Sources */ = {isa = PBXBuildFile; fileRef = B4BAEB961CC2B75B00C6A743 /* SongListItem.swift */; };
		B4BAEB9A1CC2D51800C6A743 /* TrackPlayerView.swift in Sources */ = {isa = PBXBuildFile; fileRef = B4BAEB991CC2D51800C6A743 /* TrackPlayerView.swift */; };
		B4BAEB9E1CC2EE3000C6A743 /* TrackManager.swift in Sources */ = {isa = PBXBuildFile; fileRef = B4BAEB9D1CC2EE3000C6A743 /* TrackManager.swift */; };
		B4BAEBA31CC2EF5800C6A743 /* User.swift in Sources */ = {isa = PBXBuildFile; fileRef = B4BAEBA21CC2EF5800C6A743 /* User.swift */; };
		E3190AC4E5A5E3F02F34ED24 /* Pods.framework in Frameworks */ = {isa = PBXBuildFile; fileRef = DA40CD5875162BF3343A514C /* Pods.framework */; };
/* End PBXBuildFile section */

/* Begin PBXFileReference section */
		1B570FB71CC2BEFF0055B7D6 /* SoundCloudClient.swift */ = {isa = PBXFileReference; fileEncoding = 4; lastKnownFileType = sourcecode.swift; path = SoundCloudClient.swift; sourceTree = "<group>"; };
		1B570FB91CC2CE410055B7D6 /* Track.swift */ = {isa = PBXFileReference; fileEncoding = 4; lastKnownFileType = sourcecode.swift; path = Track.swift; sourceTree = "<group>"; };
		1B570FBF1CC2D8950055B7D6 /* Session.swift */ = {isa = PBXFileReference; fileEncoding = 4; lastKnownFileType = sourcecode.swift; path = Session.swift; sourceTree = "<group>"; };
		1B570FC11CC2DAFA0055B7D6 /* Helpers.swift */ = {isa = PBXFileReference; fileEncoding = 4; lastKnownFileType = sourcecode.swift; path = Helpers.swift; sourceTree = "<group>"; };
		1B6FBE801CC297AB004767AA /* App.app */ = {isa = PBXFileReference; explicitFileType = wrapper.application; includeInIndex = 0; path = App.app; sourceTree = BUILT_PRODUCTS_DIR; };
		1B6FBE831CC297AB004767AA /* AppDelegate.swift */ = {isa = PBXFileReference; lastKnownFileType = sourcecode.swift; path = AppDelegate.swift; sourceTree = "<group>"; };
		1B6FBE851CC297AB004767AA /* HomeScreen.swift */ = {isa = PBXFileReference; lastKnownFileType = sourcecode.swift; path = HomeScreen.swift; sourceTree = "<group>"; };
		1B6FBE8A1CC297AB004767AA /* Assets.xcassets */ = {isa = PBXFileReference; lastKnownFileType = folder.assetcatalog; path = Assets.xcassets; sourceTree = "<group>"; };
		1B6FBE8C1CC297AC004767AA /* Info.plist */ = {isa = PBXFileReference; lastKnownFileType = text.plist.xml; path = Info.plist; sourceTree = "<group>"; };
		268EB2541CC390CB001652D1 /* ServerManager.swift */ = {isa = PBXFileReference; fileEncoding = 4; lastKnownFileType = sourcecode.swift; path = ServerManager.swift; sourceTree = "<group>"; };
		85130C52DCBD4274082A795F /* Pods.debug.xcconfig */ = {isa = PBXFileReference; includeInIndex = 1; lastKnownFileType = text.xcconfig; name = Pods.debug.xcconfig; path = "Pods/Target Support Files/Pods/Pods.debug.xcconfig"; sourceTree = "<group>"; };
		B4BAEB961CC2B75B00C6A743 /* SongListItem.swift */ = {isa = PBXFileReference; fileEncoding = 4; lastKnownFileType = sourcecode.swift; path = SongListItem.swift; sourceTree = "<group>"; };
		B4BAEB991CC2D51800C6A743 /* TrackPlayerView.swift */ = {isa = PBXFileReference; fileEncoding = 4; lastKnownFileType = sourcecode.swift; path = TrackPlayerView.swift; sourceTree = "<group>"; };
		B4BAEB9D1CC2EE3000C6A743 /* TrackManager.swift */ = {isa = PBXFileReference; fileEncoding = 4; lastKnownFileType = sourcecode.swift; path = TrackManager.swift; sourceTree = "<group>"; };
		B4BAEBA21CC2EF5800C6A743 /* User.swift */ = {isa = PBXFileReference; fileEncoding = 4; lastKnownFileType = sourcecode.swift; path = User.swift; sourceTree = "<group>"; };
		B9D4FA79F132EE2227E8F0FB /* Pods.release.xcconfig */ = {isa = PBXFileReference; includeInIndex = 1; lastKnownFileType = text.xcconfig; name = Pods.release.xcconfig; path = "Pods/Target Support Files/Pods/Pods.release.xcconfig"; sourceTree = "<group>"; };
		DA40CD5875162BF3343A514C /* Pods.framework */ = {isa = PBXFileReference; explicitFileType = wrapper.framework; includeInIndex = 0; path = Pods.framework; sourceTree = BUILT_PRODUCTS_DIR; };
/* End PBXFileReference section */

/* Begin PBXFrameworksBuildPhase section */
		1B6FBE7D1CC297AB004767AA /* Frameworks */ = {
			isa = PBXFrameworksBuildPhase;
			buildActionMask = 2147483647;
			files = (
				E3190AC4E5A5E3F02F34ED24 /* Pods.framework in Frameworks */,
			);
			runOnlyForDeploymentPostprocessing = 0;
		};
/* End PBXFrameworksBuildPhase section */

/* Begin PBXGroup section */
		1B570FB61CC2BEEE0055B7D6 /* Networking */ = {
			isa = PBXGroup;
			children = (
				1B570FB71CC2BEFF0055B7D6 /* SoundCloudClient.swift */,
			);
			name = Networking;
			sourceTree = "<group>";
		};
		1B570FBE1CC2D88B0055B7D6 /* Models */ = {
			isa = PBXGroup;
			children = (
				1B570FB91CC2CE410055B7D6 /* Track.swift */,
				B4BAEBA21CC2EF5800C6A743 /* User.swift */,
				1B570FBF1CC2D8950055B7D6 /* Session.swift */,
			);
			name = Models;
			sourceTree = "<group>";
		};
		1B6FBE771CC297AB004767AA = {
			isa = PBXGroup;
			children = (
				1B6FBE821CC297AB004767AA /* App */,
				1B6FBE811CC297AB004767AA /* Products */,
				BEAC97E93A178226CA189F04 /* Pods */,
				27E6B631BB95581CC424879F /* Frameworks */,
			);
			sourceTree = "<group>";
		};
		1B6FBE811CC297AB004767AA /* Products */ = {
			isa = PBXGroup;
			children = (
				1B6FBE801CC297AB004767AA /* App.app */,
			);
			name = Products;
			sourceTree = "<group>";
		};
		1B6FBE821CC297AB004767AA /* App */ = {
			isa = PBXGroup;
			children = (
				1B6FBE831CC297AB004767AA /* AppDelegate.swift */,
				1B6FBE851CC297AB004767AA /* HomeScreen.swift */,
				B4BAEB981CC2B76600C6A743 /* Main Screen UI */,
				1B570FB61CC2BEEE0055B7D6 /* Networking */,
				1B570FBE1CC2D88B0055B7D6 /* Models */,
				B4BAEB9F1CC2EE3B00C6A743 /* Managers */,
				1B570FC11CC2DAFA0055B7D6 /* Helpers.swift */,
				1B6FBE8A1CC297AB004767AA /* Assets.xcassets */,
				1B6FBE8C1CC297AC004767AA /* Info.plist */,
			);
			path = App;
			sourceTree = "<group>";
		};
		27E6B631BB95581CC424879F /* Frameworks */ = {
			isa = PBXGroup;
			children = (
				DA40CD5875162BF3343A514C /* Pods.framework */,
			);
			name = Frameworks;
			sourceTree = "<group>";
		};
		B4BAEB981CC2B76600C6A743 /* Main Screen UI */ = {
			isa = PBXGroup;
			children = (
				B4BAEB961CC2B75B00C6A743 /* SongListItem.swift */,
				B4BAEB991CC2D51800C6A743 /* TrackPlayerView.swift */,
			);
			name = "Main Screen UI";
			sourceTree = "<group>";
		};
		B4BAEB9F1CC2EE3B00C6A743 /* Managers */ = {
			isa = PBXGroup;
			children = (
				268EB2541CC390CB001652D1 /* ServerManager.swift */,
				B4BAEB9D1CC2EE3000C6A743 /* TrackManager.swift */,
			);
			name = Managers;
			sourceTree = "<group>";
		};
		BEAC97E93A178226CA189F04 /* Pods */ = {
			isa = PBXGroup;
			children = (
				85130C52DCBD4274082A795F /* Pods.debug.xcconfig */,
				B9D4FA79F132EE2227E8F0FB /* Pods.release.xcconfig */,
			);
			name = Pods;
			sourceTree = "<group>";
		};
/* End PBXGroup section */

/* Begin PBXNativeTarget section */
		1B6FBE7F1CC297AB004767AA /* App */ = {
			isa = PBXNativeTarget;
			buildConfigurationList = 1B6FBE8F1CC297AC004767AA /* Build configuration list for PBXNativeTarget "App" */;
			buildPhases = (
				CBB7EF9E91F221108C94EC11 /* Check Pods Manifest.lock */,
				1B6FBE7C1CC297AB004767AA /* Sources */,
				1B6FBE7D1CC297AB004767AA /* Frameworks */,
				1B6FBE7E1CC297AB004767AA /* Resources */,
				1223BB8FA1B85D6474B53085 /* Embed Pods Frameworks */,
				3640D07059297E9ACDEFE58A /* Copy Pods Resources */,
			);
			buildRules = (
			);
			dependencies = (
			);
			name = App;
			productName = App;
			productReference = 1B6FBE801CC297AB004767AA /* App.app */;
			productType = "com.apple.product-type.application";
		};
/* End PBXNativeTarget section */

/* Begin PBXProject section */
		1B6FBE781CC297AB004767AA /* Project object */ = {
			isa = PBXProject;
			attributes = {
				LastSwiftUpdateCheck = 0730;
				LastUpgradeCheck = 0730;
				ORGANIZATIONNAME = CGRekt;
				TargetAttributes = {
					1B6FBE7F1CC297AB004767AA = {
						CreatedOnToolsVersion = 7.3;
						DevelopmentTeam = S92493AK9Q;
					};
				};
			};
			buildConfigurationList = 1B6FBE7B1CC297AB004767AA /* Build configuration list for PBXProject "App" */;
			compatibilityVersion = "Xcode 3.2";
			developmentRegion = English;
			hasScannedForEncodings = 0;
			knownRegions = (
				en,
				Base,
			);
			mainGroup = 1B6FBE771CC297AB004767AA;
			productRefGroup = 1B6FBE811CC297AB004767AA /* Products */;
			projectDirPath = "";
			projectRoot = "";
			targets = (
				1B6FBE7F1CC297AB004767AA /* App */,
			);
		};
/* End PBXProject section */

/* Begin PBXResourcesBuildPhase section */
		1B6FBE7E1CC297AB004767AA /* Resources */ = {
			isa = PBXResourcesBuildPhase;
			buildActionMask = 2147483647;
			files = (
				1B6FBE8B1CC297AB004767AA /* Assets.xcassets in Resources */,
			);
			runOnlyForDeploymentPostprocessing = 0;
		};
/* End PBXResourcesBuildPhase section */

/* Begin PBXShellScriptBuildPhase section */
		1223BB8FA1B85D6474B53085 /* Embed Pods Frameworks */ = {
			isa = PBXShellScriptBuildPhase;
			buildActionMask = 2147483647;
			files = (
			);
			inputPaths = (
			);
			name = "Embed Pods Frameworks";
			outputPaths = (
			);
			runOnlyForDeploymentPostprocessing = 0;
			shellPath = /bin/sh;
			shellScript = "\"${SRCROOT}/Pods/Target Support Files/Pods/Pods-frameworks.sh\"\n";
			showEnvVarsInLog = 0;
		};
		3640D07059297E9ACDEFE58A /* Copy Pods Resources */ = {
			isa = PBXShellScriptBuildPhase;
			buildActionMask = 2147483647;
			files = (
			);
			inputPaths = (
			);
			name = "Copy Pods Resources";
			outputPaths = (
			);
			runOnlyForDeploymentPostprocessing = 0;
			shellPath = /bin/sh;
			shellScript = "\"${SRCROOT}/Pods/Target Support Files/Pods/Pods-resources.sh\"\n";
			showEnvVarsInLog = 0;
		};
		CBB7EF9E91F221108C94EC11 /* Check Pods Manifest.lock */ = {
			isa = PBXShellScriptBuildPhase;
			buildActionMask = 2147483647;
			files = (
			);
			inputPaths = (
			);
			name = "Check Pods Manifest.lock";
			outputPaths = (
			);
			runOnlyForDeploymentPostprocessing = 0;
			shellPath = /bin/sh;
			shellScript = "diff \"${PODS_ROOT}/../Podfile.lock\" \"${PODS_ROOT}/Manifest.lock\" > /dev/null\nif [[ $? != 0 ]] ; then\n    cat << EOM\nerror: The sandbox is not in sync with the Podfile.lock. Run 'pod install' or update your CocoaPods installation.\nEOM\n    exit 1\nfi\n";
			showEnvVarsInLog = 0;
		};
/* End PBXShellScriptBuildPhase section */

/* Begin PBXSourcesBuildPhase section */
		1B6FBE7C1CC297AB004767AA /* Sources */ = {
			isa = PBXSourcesBuildPhase;
			buildActionMask = 2147483647;
			files = (
				1B570FB81CC2BEFF0055B7D6 /* SoundCloudClient.swift in Sources */,
				1B570FC21CC2DAFA0055B7D6 /* Helpers.swift in Sources */,
				1B570FBA1CC2CE410055B7D6 /* Track.swift in Sources */,
				1B570FC01CC2D8950055B7D6 /* Session.swift in Sources */,
				B4BAEB971CC2B75B00C6A743 /* SongListItem.swift in Sources */,
				1B6FBE861CC297AB004767AA /* HomeScreen.swift in Sources */,
				B4BAEB9E1CC2EE3000C6A743 /* TrackManager.swift in Sources */,
				B4BAEBA31CC2EF5800C6A743 /* User.swift in Sources */,
				B4BAEB9A1CC2D51800C6A743 /* TrackPlayerView.swift in Sources */,
				268EB2551CC390CB001652D1 /* ServerManager.swift in Sources */,
				1B6FBE841CC297AB004767AA /* AppDelegate.swift in Sources */,
			);
			runOnlyForDeploymentPostprocessing = 0;
		};
/* End PBXSourcesBuildPhase section */

/* Begin XCBuildConfiguration section */
		1B6FBE8D1CC297AC004767AA /* Debug */ = {
			isa = XCBuildConfiguration;
			buildSettings = {
				ALWAYS_SEARCH_USER_PATHS = NO;
				CLANG_ANALYZER_NONNULL = YES;
				CLANG_CXX_LANGUAGE_STANDARD = "gnu++0x";
				CLANG_CXX_LIBRARY = "libc++";
				CLANG_ENABLE_MODULES = YES;
				CLANG_ENABLE_OBJC_ARC = YES;
				CLANG_WARN_BOOL_CONVERSION = YES;
				CLANG_WARN_CONSTANT_CONVERSION = YES;
				CLANG_WARN_DIRECT_OBJC_ISA_USAGE = YES_ERROR;
				CLANG_WARN_EMPTY_BODY = YES;
				CLANG_WARN_ENUM_CONVERSION = YES;
				CLANG_WARN_INT_CONVERSION = YES;
				CLANG_WARN_OBJC_ROOT_CLASS = YES_ERROR;
				CLANG_WARN_UNREACHABLE_CODE = YES;
				CLANG_WARN__DUPLICATE_METHOD_MATCH = YES;
				COPY_PHASE_STRIP = NO;
				DEBUG_INFORMATION_FORMAT = dwarf;
				ENABLE_STRICT_OBJC_MSGSEND = YES;
				ENABLE_TESTABILITY = YES;
				GCC_C_LANGUAGE_STANDARD = gnu99;
				GCC_DYNAMIC_NO_PIC = NO;
				GCC_NO_COMMON_BLOCKS = YES;
				GCC_OPTIMIZATION_LEVEL = 0;
				GCC_PREPROCESSOR_DEFINITIONS = (
					"DEBUG=1",
					"$(inherited)",
				);
				GCC_WARN_64_TO_32_BIT_CONVERSION = YES;
				GCC_WARN_ABOUT_RETURN_TYPE = YES_ERROR;
				GCC_WARN_UNDECLARED_SELECTOR = YES;
				GCC_WARN_UNINITIALIZED_AUTOS = YES_AGGRESSIVE;
				GCC_WARN_UNUSED_FUNCTION = YES;
				GCC_WARN_UNUSED_VARIABLE = YES;
				MTL_ENABLE_DEBUG_INFO = YES;
				ONLY_ACTIVE_ARCH = YES;
				SDKROOT = appletvos;
				SWIFT_OPTIMIZATION_LEVEL = "-Onone";
				TARGETED_DEVICE_FAMILY = 3;
				TVOS_DEPLOYMENT_TARGET = 9.2;
			};
			name = Debug;
		};
		1B6FBE8E1CC297AC004767AA /* Release */ = {
			isa = XCBuildConfiguration;
			buildSettings = {
				ALWAYS_SEARCH_USER_PATHS = NO;
				CLANG_ANALYZER_NONNULL = YES;
				CLANG_CXX_LANGUAGE_STANDARD = "gnu++0x";
				CLANG_CXX_LIBRARY = "libc++";
				CLANG_ENABLE_MODULES = YES;
				CLANG_ENABLE_OBJC_ARC = YES;
				CLANG_WARN_BOOL_CONVERSION = YES;
				CLANG_WARN_CONSTANT_CONVERSION = YES;
				CLANG_WARN_DIRECT_OBJC_ISA_USAGE = YES_ERROR;
				CLANG_WARN_EMPTY_BODY = YES;
				CLANG_WARN_ENUM_CONVERSION = YES;
				CLANG_WARN_INT_CONVERSION = YES;
				CLANG_WARN_OBJC_ROOT_CLASS = YES_ERROR;
				CLANG_WARN_UNREACHABLE_CODE = YES;
				CLANG_WARN__DUPLICATE_METHOD_MATCH = YES;
				COPY_PHASE_STRIP = NO;
				DEBUG_INFORMATION_FORMAT = "dwarf-with-dsym";
				ENABLE_NS_ASSERTIONS = NO;
				ENABLE_STRICT_OBJC_MSGSEND = YES;
				GCC_C_LANGUAGE_STANDARD = gnu99;
				GCC_NO_COMMON_BLOCKS = YES;
				GCC_WARN_64_TO_32_BIT_CONVERSION = YES;
				GCC_WARN_ABOUT_RETURN_TYPE = YES_ERROR;
				GCC_WARN_UNDECLARED_SELECTOR = YES;
				GCC_WARN_UNINITIALIZED_AUTOS = YES_AGGRESSIVE;
				GCC_WARN_UNUSED_FUNCTION = YES;
				GCC_WARN_UNUSED_VARIABLE = YES;
				MTL_ENABLE_DEBUG_INFO = NO;
				SDKROOT = appletvos;
				TARGETED_DEVICE_FAMILY = 3;
				TVOS_DEPLOYMENT_TARGET = 9.2;
				VALIDATE_PRODUCT = YES;
			};
			name = Release;
		};
		1B6FBE901CC297AC004767AA /* Debug */ = {
			isa = XCBuildConfiguration;
			baseConfigurationReference = 85130C52DCBD4274082A795F /* Pods.debug.xcconfig */;
			buildSettings = {
				ASSETCATALOG_COMPILER_APPICON_NAME = "App Icon & Top Shelf Image";
				ASSETCATALOG_COMPILER_LAUNCHIMAGE_NAME = LaunchImage;
				CODE_SIGN_IDENTITY = "iPhone Developer";
				"CODE_SIGN_IDENTITY[sdk=appletvos*]" = "iPhone Developer";
				INFOPLIST_FILE = App/Info.plist;
				LD_RUNPATH_SEARCH_PATHS = "$(inherited) @executable_path/Frameworks";
				PRODUCT_BUNDLE_IDENTIFIER = com.cgrekt.App;
				PRODUCT_NAME = "$(TARGET_NAME)";
				PROVISIONING_PROFILE = "";
			};
			name = Debug;
		};
		1B6FBE911CC297AC004767AA /* Release */ = {
			isa = XCBuildConfiguration;
			baseConfigurationReference = B9D4FA79F132EE2227E8F0FB /* Pods.release.xcconfig */;
			buildSettings = {
				ASSETCATALOG_COMPILER_APPICON_NAME = "App Icon & Top Shelf Image";
				ASSETCATALOG_COMPILER_LAUNCHIMAGE_NAME = LaunchImage;
				CODE_SIGN_IDENTITY = "iPhone Developer";
				"CODE_SIGN_IDENTITY[sdk=appletvos*]" = "iPhone Developer";
				INFOPLIST_FILE = App/Info.plist;
				LD_RUNPATH_SEARCH_PATHS = "$(inherited) @executable_path/Frameworks";
				PRODUCT_BUNDLE_IDENTIFIER = com.cgrekt.App;
				PRODUCT_NAME = "$(TARGET_NAME)";
				PROVISIONING_PROFILE = "";
			};
			name = Release;
		};
/* End XCBuildConfiguration section */

/* Begin XCConfigurationList section */
		1B6FBE7B1CC297AB004767AA /* Build configuration list for PBXProject "App" */ = {
			isa = XCConfigurationList;
			buildConfigurations = (
				1B6FBE8D1CC297AC004767AA /* Debug */,
				1B6FBE8E1CC297AC004767AA /* Release */,
			);
			defaultConfigurationIsVisible = 0;
			defaultConfigurationName = Release;
		};
		1B6FBE8F1CC297AC004767AA /* Build configuration list for PBXNativeTarget "App" */ = {
			isa = XCConfigurationList;
			buildConfigurations = (
				1B6FBE901CC297AC004767AA /* Debug */,
				1B6FBE911CC297AC004767AA /* Release */,
			);
			defaultConfigurationIsVisible = 0;
			defaultConfigurationName = Release;
		};
/* End XCConfigurationList section */
	};
	rootObject = 1B6FBE781CC297AB004767AA /* Project object */;
}
